Microsoft Visual Studio Solution File, Format Version 12.00
# Visual Studio Version 17
VisualStudioVersion = 17.5.2.0
MinimumVisualStudioVersion = 10.0.40219.1
Project("{FAE04EC0-301F-11D3-BF4B-00C04F79EFBC}") = "HollowKnightStarterMod", "HollowKnightStarterMod.csproj", "{53D28430-1C12-4DDD-61FD-D40ED6788930}"
EndProject
Global
	GlobalSection(SolutionConfigurationPlatforms) = preSolution
		Debug|Any CPU = Debug|Any CPU
		Release|Any CPU = Release|Any CPU
	EndGlobalSection
	GlobalSection(ProjectConfigurationPlatforms) = postSolution
		{53D28430-1C12-4DDD-61FD-D40ED6788930}.Debug|Any CPU.ActiveCfg = Debug|Any CPU
		{53D28430-1C12-4DDD-61FD-D40ED6788930}.Debug|Any CPU.Build.0 = Debug|Any CPU
		{53D28430-1C12-4DDD-61FD-D40ED6788930}.Release|Any CPU.ActiveCfg = Release|Any CPU
		{53D28430-1C12-4DDD-61FD-D40ED6788930}.Release|Any CPU.Build.0 = Release|Any CPU
	EndGlobalSection
	GlobalSection(SolutionProperties) = preSolution
		HideSolutionNode = FALSE
	EndGlobalSection
	GlobalSection(ExtensibilityGlobals) = postSolution
		SolutionGuid = {F35CE2CF-AE37-4778-A2D6-67B9AD593F2D}
	EndGlobalSection
EndGlobal
